Microsoft Visual Studio Solution File, Format Version 12.00
# Visual Studio Version 17
VisualStudioVersion = 17.5.2.0
MinimumVisualStudioVersion = 10.0.40219.1
Project("{2150E333-8FDC-42A3-9474-1A3956D46DE8}") = "sandboxes", "sandboxes", "{904DE88E-8315-0D8F-F5DF-7218906FF3E2}"
EndProject
Project("{2150E333-8FDC-42A3-9474-1A3956D46DE8}") = "dotnet-maui", "dotnet-maui", "{3AE40753-EB38-C2E5-6B9C-5F5970C6AD08}"
EndProject
Project("{FAE04EC0-301F-11D3-BF4B-00C04F79EFBC}") = "MauiSandbox", "sandboxes\dotnet-maui\skeleton\MauiSandbox.csproj", "{12A18A9B-9E47-A96B-2B99-CB9558BF23A0}"
EndProject
Global
	GlobalSection(SolutionConfigurationPlatforms) = preSolution
		Debug|Any CPU = Debug|Any CPU
		Release|Any CPU = Release|Any CPU
	EndGlobalSection
	GlobalSection(ProjectConfigurationPlatforms) = postSolution
		{12A18A9B-9E47-A96B-2B99-CB9558BF23A0}.Debug|Any CPU.ActiveCfg = Debug|Any CPU
		{12A18A9B-9E47-A96B-2B99-CB9558BF23A0}.Debug|Any CPU.Build.0 = Debug|Any CPU
		{12A18A9B-9E47-A96B-2B99-CB9558BF23A0}.Release|Any CPU.ActiveCfg = Release|Any CPU
		{12A18A9B-9E47-A96B-2B99-CB9558BF23A0}.Release|Any CPU.Build.0 = Release|Any CPU
	EndGlobalSection
	GlobalSection(SolutionProperties) = preSolution
		HideSolutionNode = FALSE
	EndGlobalSection
	GlobalSection(NestedProjects) = preSolution
		{3AE40753-EB38-C2E5-6B9C-5F5970C6AD08} = {904DE88E-8315-0D8F-F5DF-7218906FF3E2}
		{12A18A9B-9E47-A96B-2B99-CB9558BF23A0} = {3AE40753-EB38-C2E5-6B9C-5F5970C6AD08}
	EndGlobalSection
	GlobalSection(ExtensibilityGlobals) = postSolution
		SolutionGuid = {0ECFABFB-B0E3-4BE7-A12D-9698E5D84EF4}
	EndGlobalSection
EndGlobal
